{
  "name": "swagger-generator",
  "version": "1.0.3",
  "lockfileVersion": 1,
  "requires": true,
  "dependencies": {
    "argparse": {
      "version": "1.0.10",
      "resolved": "http://registry.npm.taobao.org/argparse/download/argparse-1.0.10.tgz?cache=0&other_urls=http%3A%2F%2Fregistry.npm.taobao.org%2Fargparse%2Fdownload%2Fargparse-1.0.10.tgz",
      "integrity": "sha1-vNZ5HqWuCXJeF+WtmIE0zUCz2RE=",
      "requires": {
        "sprintf-js": "1.0.3"
      }
    },
    "balanced-match": {
      "version": "1.0.0",
      "resolved": "http://registry.npm.taobao.org/balanced-match/download/balanced-match-1.0.0.tgz",
      "integrity": "sha1-ibTRmasr7kneFk6gK4nORi1xt2c="
    },
    "brace-expansion": {
      "version": "1.1.11",
      "resolved": "http://registry.npm.taobao.org/brace-expansion/download/brace-expansion-1.1.11.tgz",
      "integrity": "sha1-PH/L9SnYcibz0vUrlm/1Jx60Qd0=",
      "requires": {
        "balanced-match": "1.0.0",
        "concat-map": "0.0.1"
      }
    },
    "call-me-maybe": {
      "version": "1.0.1",
      "resolved": "http://registry.npm.taobao.org/call-me-maybe/download/call-me-maybe-1.0.1.tgz",
      "integrity": "sha1-JtII6onje1y95gJQoV8DHBak1ms="
    },
    "commander": {
      "version": "2.19.0",
      "resolved": "http://registry.npm.taobao.org/commander/download/commander-2.19.0.tgz",
      "integrity": "sha1-9hmKqE5bg8RgVLlN3tv+1e6f8So=",
      "optional": true
    },
    "concat-map": {
      "version": "0.0.1",
      "resolved": "http://registry.npm.taobao.org/concat-map/download/concat-map-0.0.1.tgz",
      "integrity": "sha1-2Klr13/Wjfd5OnMDajug1UBdR3s="
    },
    "core-js": {
      "version": "2.6.5",
      "resolved": "http://registry.npm.taobao.org/core-js/download/core-js-2.6.5.tgz?cache=0&other_urls=http%3A%2F%2Fregistry.npm.taobao.org%2Fcore-js%2Fdownload%2Fcore-js-2.6.5.tgz",
      "integrity": "sha1-RLyNJJ5/sv9dAOA0Gn/7lPv2eJU="
    },
    "debug": {
      "version": "3.2.6",
      "resolved": "http://registry.npm.taobao.org/debug/download/debug-3.2.6.tgz",
      "integrity": "sha1-6D0X3hbYp++3cX7b5fsQE17uYps=",
      "requires": {
        "ms": "2.1.1"
      }
    },
    "doctrine": {
      "version": "2.1.0",
      "resolved": "http://registry.npm.taobao.org/doctrine/download/doctrine-2.1.0.tgz",
      "integrity": "sha1-XNAfwQFiG0LEzX9dGmYkNxbT850=",
      "requires": {
        "esutils": "2.0.2"
      }
    },
    "esprima": {
      "version": "4.0.1",
      "resolved": "http://registry.npm.taobao.org/esprima/download/esprima-4.0.1.tgz",
      "integrity": "sha1-E7BM2z5sXRnfkatph6hpVhmwqnE="
    },
    "esutils": {
      "version": "2.0.2",
      "resolved": "http://registry.npm.taobao.org/esutils/download/esutils-2.0.2.tgz",
      "integrity": "sha1-Cr9PHKpbyx96nYrMbepPqqBLrJs="
    },
    "format-util": {
      "version": "1.0.3",
      "resolved": "http://registry.npm.taobao.org/format-util/download/format-util-1.0.3.tgz",
      "integrity": "sha1-Ay3KShFiYqEsQ/TD7IVmQWxbLZU="
    },
    "fs.realpath": {
      "version": "1.0.0",
      "resolved": "http://registry.npm.taobao.org/fs.realpath/download/fs.realpath-1.0.0.tgz",
      "integrity": "sha1-FQStJSMVjKpA20onh8sBQRmU6k8="
    },
    "glob": {
      "version": "7.1.3",
      "resolved": "http://registry.npm.taobao.org/glob/download/glob-7.1.3.tgz",
      "integrity": "sha1-OWCDLT8VdBCDQtr9OmezMsCWnfE=",
      "requires": {
        "fs.realpath": "1.0.0",
        "inflight": "1.0.6",
        "inherits": "2.0.3",
        "minimatch": "3.0.4",
        "once": "1.4.0",
        "path-is-absolute": "1.0.1"
      }
    },
    "inflight": {
      "version": "1.0.6",
      "resolved": "http://registry.npm.taobao.org/inflight/download/inflight-1.0.6.tgz",
      "integrity": "sha1-Sb1jMdfQLQwJvJEKEHW6gWW1bfk=",
      "requires": {
        "once": "1.4.0",
        "wrappy": "1.0.2"
      }
    },
    "inherits": {
      "version": "2.0.3",
      "resolved": "http://registry.npm.taobao.org/inherits/download/inherits-2.0.3.tgz",
      "integrity": "sha1-Yzwsg+PaQqUC9SRmAiSA9CCCYd4="
    },
    "js-yaml": {
      "version": "3.13.0",
      "resolved": "https://registry.npmjs.org/js-yaml/-/js-yaml-3.13.0.tgz",
      "integrity": "sha512-pZZoSxcCYco+DIKBTimr67J6Hy+EYGZDY/HCWC+iAEA9h1ByhMXAIVUXMcMFpOCxQ/xjXmPI2MkDL5HRm5eFrQ==",
      "requires": {
        "argparse": "^1.0.7",
        "esprima": "^4.0.0"
      }
    },
    "json-schema-ref-parser": {
      "version": "5.1.3",
      "resolved": "http://registry.npm.taobao.org/json-schema-ref-parser/download/json-schema-ref-parser-5.1.3.tgz",
      "integrity": "sha1-+GxYaPQImOaRaeG7yFRyWk/Q4a0=",
      "requires": {
        "call-me-maybe": "1.0.1",
        "debug": "3.2.6",
        "js-yaml": "3.13.0",
        "ono": "4.0.11"
      }
    },
    "jsonschema": {
      "version": "1.2.4",
      "resolved": "http://registry.npm.taobao.org/jsonschema/download/jsonschema-1.2.4.tgz",
      "integrity": "sha1-pGusXTUGolRGW8VIh24mfG0NZGQ="
    },
    "jsonschema-draft4": {
      "version": "1.0.0",
      "resolved": "http://registry.npm.taobao.org/jsonschema-draft4/download/jsonschema-draft4-1.0.0.tgz",
      "integrity": "sha1-8K8gBQVPDwrefqIRhhS2ncUS2GU="
    },
    "lodash.get": {
      "version": "4.4.2",
      "resolved": "http://registry.npm.taobao.org/lodash.get/download/lodash.get-4.4.2.tgz",
      "integrity": "sha1-LRd/ZS+jHpObRDjVNBSZ36OCXpk="
    },
    "lodash.isequal": {
      "version": "4.5.0",
      "resolved": "http://registry.npm.taobao.org/lodash.isequal/download/lodash.isequal-4.5.0.tgz",
      "integrity": "sha1-QVxEePK8wwEgwizhDtMib30+GOA="
    },
    "minimatch": {
      "version": "3.0.4",
      "resolved": "http://registry.npm.taobao.org/minimatch/download/minimatch-3.0.4.tgz",
      "integrity": "sha1-UWbihkV/AzBgZL5Ul+jbsMPTIIM=",
      "requires": {
        "brace-expansion": "1.1.11"
      }
    },
    "ms": {
      "version": "2.1.1",
      "resolved": "http://registry.npm.taobao.org/ms/download/ms-2.1.1.tgz",
      "integrity": "sha1-MKWGTrPrsKZvLr5tcnrwagnYbgo="
    },
    "once": {
      "version": "1.4.0",
      "resolved": "http://registry.npm.taobao.org/once/download/once-1.4.0.tgz",
      "integrity": "sha1-WDsap3WWHUsROsF9nFC6753Xa9E=",
      "requires": {
        "wrappy": "1.0.2"
      }
    },
    "ono": {
      "version": "4.0.11",
      "resolved": "http://registry.npm.taobao.org/ono/download/ono-4.0.11.tgz",
      "integrity": "sha1-x/Qgmz45bopE70O5ztx/XXkdIh0=",
      "requires": {
        "format-util": "1.0.3"
      }
    },
    "openapi-schema-validation": {
      "version": "0.4.2",
      "resolved": "http://registry.npm.taobao.org/openapi-schema-validation/download/openapi-schema-validation-0.4.2.tgz",
      "integrity": "sha1-iVwpAhvgLgAPccUfhZ2lIRjrHiE=",
      "requires": {
        "jsonschema": "1.2.4",
        "jsonschema-draft4": "1.0.0",
        "swagger-schema-official": "2.0.0-bab6bed"
      }
    },
    "path-is-absolute": {
      "version": "1.0.1",
      "resolved": "http://registry.npm.taobao.org/path-is-absolute/download/path-is-absolute-1.0.1.tgz",
      "integrity": "sha1-F0uSaHNVNP+8es5r9TpanhtcX18="
    },
    "recursive-iterator": {
      "version": "2.0.3",
      "resolved": "http://registry.npm.taobao.org/recursive-iterator/download/recursive-iterator-2.0.3.tgz",
      "integrity": "sha1-0ODSx+eoMQnXMJHPBD/FCeWnbcM="
    },
    "sprintf-js": {
      "version": "1.0.3",
      "resolved": "http://registry.npm.taobao.org/sprintf-js/download/sprintf-js-1.0.3.tgz",
      "integrity": "sha1-BOaSb2YolTVPPdAVIDYzuFcpfiw="
    },
    "swagger-methods": {
      "version": "1.0.8",
      "resolved": "http://registry.npm.taobao.org/swagger-methods/download/swagger-methods-1.0.8.tgz",
      "integrity": "sha1-i6837oYdPHL/ey+q1tdMYLM24u0="
    },
    "swagger-parser": {
      "version": "5.0.6",
      "resolved": "http://registry.npm.taobao.org/swagger-parser/download/swagger-parser-5.0.6.tgz",
      "integrity": "sha1-37hwJPjJyMa7fBOQ6zz9Bl50RA4=",
      "requires": {
        "call-me-maybe": "1.0.1",
        "debug": "3.2.6",
        "json-schema-ref-parser": "5.1.3",
        "ono": "4.0.11",
        "openapi-schema-validation": "0.4.2",
        "swagger-methods": "1.0.8",
        "swagger-schema-official": "2.0.0-bab6bed",
        "z-schema": "3.25.1"
      }
    },
    "swagger-schema-official": {
      "version": "2.0.0-bab6bed",
      "resolved": "http://registry.npm.taobao.org/swagger-schema-official/download/swagger-schema-official-2.0.0-bab6bed.tgz",
      "integrity": "sha1-cAcEaNbSl3ylI3suUZyn0Gouo/0="
    },
    "validator": {
      "version": "10.11.0",
      "resolved": "http://registry.npm.taobao.org/validator/download/validator-10.11.0.tgz",
      "integrity": "sha1-ADEI6m6amHTTHMyeUAaFbM12sig="
    },
    "wrappy": {
      "version": "1.0.2",
      "resolved": "http://registry.npm.taobao.org/wrappy/download/wrappy-1.0.2.tgz",
      "integrity": "sha1-tSQ9jz7BqjXxNkYFvA0QNuMKtp8="
    },
    "z-schema": {
      "version": "3.25.1",
      "resolved": "http://registry.npm.taobao.org/z-schema/download/z-schema-3.25.1.tgz",
      "integrity": "sha1-fhRmO+K5YAPZOKVvZE+4VhZD+34=",
      "requires": {
        "commander": "2.19.0",
        "core-js": "2.6.5",
        "lodash.get": "4.4.2",
        "lodash.isequal": "4.5.0",
        "validator": "10.11.0"
      }
    }
  }
}
